
Microsoft Visual Studio Solution File, Format Version 12.00
# Visual Studio Version 17
VisualStudioVersion = 17.13.35818.85 d17.13
MinimumVisualStudioVersion = 10.0.40219.1
Project("{FAE04EC0-301F-11D3-BF4B-00C04F79EFBC}") = "11. While3", "11. While3\11. While3.csproj", "{F183E73A-0FDC-4982-9828-34C6C0F8F785}"
EndProject
Global
	GlobalSection(SolutionConfigurationPlatforms) = preSolution
		Debug|Any CPU = Debug|Any CPU
		Release|Any CPU = Release|Any CPU
	EndGlobalSection
	GlobalSection(ProjectConfigurationPlatforms) = postSolution
		{F183E73A-0FDC-4982-9828-34C6C0F8F785}.Debug|Any CPU.ActiveCfg = Debug|Any CPU
		{F183E73A-0FDC-4982-9828-34C6C0F8F785}.Debug|Any CPU.Build.0 = Debug|Any CPU
		{F183E73A-0FDC-4982-9828-34C6C0F8F785}.Release|Any CPU.ActiveCfg = Release|Any CPU
		{F183E73A-0FDC-4982-9828-34C6C0F8F785}.Release|Any CPU.Build.0 = Release|Any CPU
	EndGlobalSection
	GlobalSection(SolutionProperties) = preSolution
		HideSolutionNode = FALSE
	EndGlobalSection
	GlobalSection(ExtensibilityGlobals) = postSolution
		SolutionGuid = {5EB10DAB-AA70-4CB1-BDF6-C1D9307DC98E}
	EndGlobalSection
EndGlobal
