
Microsoft Visual Studio Solution File, Format Version 12.00
# Visual Studio Version 17
VisualStudioVersion = 17.13.35818.85 d17.13
MinimumVisualStudioVersion = 10.0.40219.1
Project("{FAE04EC0-301F-11D3-BF4B-00C04F79EFBC}") = "5.CondicionalAnidado", "5.CondicionalAnidado\5.CondicionalAnidado.csproj", "{4FD92FD2-87AC-46D3-98A0-38B882F069B1}"
EndProject
Global
	GlobalSection(SolutionConfigurationPlatforms) = preSolution
		Debug|Any CPU = Debug|Any CPU
		Release|Any CPU = Release|Any CPU
	EndGlobalSection
	GlobalSection(ProjectConfigurationPlatforms) = postSolution
		{4FD92FD2-87AC-46D3-98A0-38B882F069B1}.Debug|Any CPU.ActiveCfg = Debug|Any CPU
		{4FD92FD2-87AC-46D3-98A0-38B882F069B1}.Debug|Any CPU.Build.0 = Debug|Any CPU
		{4FD92FD2-87AC-46D3-98A0-38B882F069B1}.Release|Any CPU.ActiveCfg = Release|Any CPU
		{4FD92FD2-87AC-46D3-98A0-38B882F069B1}.Release|Any CPU.Build.0 = Release|Any CPU
	EndGlobalSection
	GlobalSection(SolutionProperties) = preSolution
		HideSolutionNode = FALSE
	EndGlobalSection
	GlobalSection(ExtensibilityGlobals) = postSolution
		SolutionGuid = {E0C6AE1A-AD68-4740-8A7E-0AA447C75B81}
	EndGlobalSection
EndGlobal
