
Microsoft Visual Studio Solution File, Format Version 12.00
# Visual Studio Version 17
VisualStudioVersion = 17.13.35818.85 d17.13
MinimumVisualStudioVersion = 10.0.40219.1
Project("{FAE04EC0-301F-11D3-BF4B-00C04F79EFBC}") = "18.DoWhile", "18.DoWhile\18.DoWhile.csproj", "{2F1D62DF-8EE6-4968-92C5-886082C1BAE5}"
EndProject
Global
	GlobalSection(SolutionConfigurationPlatforms) = preSolution
		Debug|Any CPU = Debug|Any CPU
		Release|Any CPU = Release|Any CPU
	EndGlobalSection
	GlobalSection(ProjectConfigurationPlatforms) = postSolution
		{2F1D62DF-8EE6-4968-92C5-886082C1BAE5}.Debug|Any CPU.ActiveCfg = Debug|Any CPU
		{2F1D62DF-8EE6-4968-92C5-886082C1BAE5}.Debug|Any CPU.Build.0 = Debug|Any CPU
		{2F1D62DF-8EE6-4968-92C5-886082C1BAE5}.Release|Any CPU.ActiveCfg = Release|Any CPU
		{2F1D62DF-8EE6-4968-92C5-886082C1BAE5}.Release|Any CPU.Build.0 = Release|Any CPU
	EndGlobalSection
	GlobalSection(SolutionProperties) = preSolution
		HideSolutionNode = FALSE
	EndGlobalSection
	GlobalSection(ExtensibilityGlobals) = postSolution
		SolutionGuid = {BF2B054A-A43D-4608-9538-23FF61CCDDC9}
	EndGlobalSection
EndGlobal
