
Microsoft Visual Studio Solution File, Format Version 12.00
# Visual Studio Version 17
VisualStudioVersion = 17.13.35818.85 d17.13
MinimumVisualStudioVersion = 10.0.40219.1
Project("{FAE04EC0-301F-11D3-BF4B-00C04F79EFBC}") = "20.DoWhile", "20.DoWhile\20.DoWhile.csproj", "{7B70C66F-7A31-4D6A-82DF-DC85135DC37C}"
EndProject
Global
	GlobalSection(SolutionConfigurationPlatforms) = preSolution
		Debug|Any CPU = Debug|Any CPU
		Release|Any CPU = Release|Any CPU
	EndGlobalSection
	GlobalSection(ProjectConfigurationPlatforms) = postSolution
		{7B70C66F-7A31-4D6A-82DF-DC85135DC37C}.Debug|Any CPU.ActiveCfg = Debug|Any CPU
		{7B70C66F-7A31-4D6A-82DF-DC85135DC37C}.Debug|Any CPU.Build.0 = Debug|Any CPU
		{7B70C66F-7A31-4D6A-82DF-DC85135DC37C}.Release|Any CPU.ActiveCfg = Release|Any CPU
		{7B70C66F-7A31-4D6A-82DF-DC85135DC37C}.Release|Any CPU.Build.0 = Release|Any CPU
	EndGlobalSection
	GlobalSection(SolutionProperties) = preSolution
		HideSolutionNode = FALSE
	EndGlobalSection
	GlobalSection(ExtensibilityGlobals) = postSolution
		SolutionGuid = {9248A976-DD0C-4C03-AAC3-9744FAD35E1F}
	EndGlobalSection
EndGlobal
