
Microsoft Visual Studio Solution File, Format Version 12.00
# Visual Studio Version 17
VisualStudioVersion = 17.13.35818.85 d17.13
MinimumVisualStudioVersion = 10.0.40219.1
Project("{FAE04EC0-301F-11D3-BF4B-00C04F79EFBC}") = "31.Modular1", "31.Modular1\31.Modular1.csproj", "{9CACDFB5-5C86-4AA2-80AC-604D0E23D071}"
EndProject
Global
	GlobalSection(SolutionConfigurationPlatforms) = preSolution
		Debug|Any CPU = Debug|Any CPU
		Release|Any CPU = Release|Any CPU
	EndGlobalSection
	GlobalSection(ProjectConfigurationPlatforms) = postSolution
		{9CACDFB5-5C86-4AA2-80AC-604D0E23D071}.Debug|Any CPU.ActiveCfg = Debug|Any CPU
		{9CACDFB5-5C86-4AA2-80AC-604D0E23D071}.Debug|Any CPU.Build.0 = Debug|Any CPU
		{9CACDFB5-5C86-4AA2-80AC-604D0E23D071}.Release|Any CPU.ActiveCfg = Release|Any CPU
		{9CACDFB5-5C86-4AA2-80AC-604D0E23D071}.Release|Any CPU.Build.0 = Release|Any CPU
	EndGlobalSection
	GlobalSection(SolutionProperties) = preSolution
		HideSolutionNode = FALSE
	EndGlobalSection
	GlobalSection(ExtensibilityGlobals) = postSolution
		SolutionGuid = {B4D426BE-0DE8-4168-9C35-12F5A4ECF737}
	EndGlobalSection
EndGlobal
