
Microsoft Visual Studio Solution File, Format Version 12.00
# Visual Studio Version 17
VisualStudioVersion = 17.13.35818.85 d17.13
MinimumVisualStudioVersion = 10.0.40219.1
Project("{FAE04EC0-301F-11D3-BF4B-00C04F79EFBC}") = "32.Modular", "32.Modular\32.Modular.csproj", "{49FA2A8C-6440-4318-B76A-3BCBDC880697}"
EndProject
Global
	GlobalSection(SolutionConfigurationPlatforms) = preSolution
		Debug|Any CPU = Debug|Any CPU
		Release|Any CPU = Release|Any CPU
	EndGlobalSection
	GlobalSection(ProjectConfigurationPlatforms) = postSolution
		{49FA2A8C-6440-4318-B76A-3BCBDC880697}.Debug|Any CPU.ActiveCfg = Debug|Any CPU
		{49FA2A8C-6440-4318-B76A-3BCBDC880697}.Debug|Any CPU.Build.0 = Debug|Any CPU
		{49FA2A8C-6440-4318-B76A-3BCBDC880697}.Release|Any CPU.ActiveCfg = Release|Any CPU
		{49FA2A8C-6440-4318-B76A-3BCBDC880697}.Release|Any CPU.Build.0 = Release|Any CPU
	EndGlobalSection
	GlobalSection(SolutionProperties) = preSolution
		HideSolutionNode = FALSE
	EndGlobalSection
	GlobalSection(ExtensibilityGlobals) = postSolution
		SolutionGuid = {24843159-BD92-415B-87F8-AC73308C514D}
	EndGlobalSection
EndGlobal
